// !$*UTF8*$!
{
	archiveVersion = 1;
	classes = {
	};
	objectVersion = 50;
	objects = {

/* Begin PBXBuildFile section */
		AE9CB89E2423149400753C1D /* ResultViewController.swift in Sources */ = {isa = PBXBuildFile; fileRef = AE9CB89D2423149400753C1D /* ResultViewController.swift */; };
		AE9E2D70240D53D400343CAC /* AppDelegate.swift in Sources */ = {isa = PBXBuildFile; fileRef = AE9E2D6F240D53D400343CAC /* AppDelegate.swift */; };
		AE9E2D72240D53D400343CAC /* SceneDelegate.swift in Sources */ = {isa = PBXBuildFile; fileRef = AE9E2D71240D53D400343CAC /* SceneDelegate.swift */; };
		AE9E2D74240D53D400343CAC /* ViewController.swift in Sources */ = {isa = PBXBuildFile; fileRef = AE9E2D73240D53D400343CAC /* ViewController.swift */; };
		AE9E2D77240D53D400343CAC /* Main.storyboard in Resources */ = {isa = PBXBuildFile; fileRef = AE9E2D75240D53D400343CAC /* Main.storyboard */; };
		AE9E2D79240D53D700343CAC /* Assets.xcassets in Resources */ = {isa = PBXBuildFile; fileRef = AE9E2D78240D53D700343CAC /* Assets.xcassets */; };
		AE9E2D7C240D53D700343CAC /* LaunchScreen.storyboard in Resources */ = {isa = PBXBuildFile; fileRef = AE9E2D7A240D53D700343CAC /* LaunchScreen.storyboard */; };
		AE9E2D87240D53D700343CAC /* DailyActTests.swift in Sources */ = {isa = PBXBuildFile; fileRef = AE9E2D86240D53D700343CAC /* DailyActTests.swift */; };
		AE9E2D92240D53D700343CAC /* DailyActUITests.swift in Sources */ = {isa = PBXBuildFile; fileRef = AE9E2D91240D53D700343CAC /* DailyActUITests.swift */; };
/* End PBXBuildFile section */

/* Begin PBXContainerItemProxy section */
		AE9E2D83240D53D700343CAC /* PBXContainerItemProxy */ = {
			isa = PBXContainerItemProxy;
			containerPortal = AE9E2D64240D53D400343CAC /* Project object */;
			proxyType = 1;
			remoteGlobalIDString = AE9E2D6B240D53D400343CAC;
			remoteInfo = DailyAct;
		};
		AE9E2D8E240D53D700343CAC /* PBXContainerItemProxy */ = {
			isa = PBXContainerItemProxy;
			containerPortal = AE9E2D64240D53D400343CAC /* Project object */;
			proxyType = 1;
			remoteGlobalIDString = AE9E2D6B240D53D400343CAC;
			remoteInfo = DailyAct;
		};
/* End PBXContainerItemProxy section */

/* Begin PBXFileReference section */
		AE647DFC2414136E0084698A /* DailyActUpdate.app */ = {isa = PBXFileReference; explicitFileType = wrapper.application; includeInIndex = 0; path = DailyActUpdate.app; sourceTree = BUILT_PRODUCTS_DIR; };
		AE9CB89B2422387100753C1D /* DailyActUpdateTests.xctest */ = {isa = PBXFileReference; explicitFileType = wrapper.cfbundle; includeInIndex = 0; path = DailyActUpdateTests.xctest; sourceTree = BUILT_PRODUCTS_DIR; };
		AE9CB89C2422387100753C1D /* DailyActUpdateUITests.xctest */ = {isa = PBXFileReference; explicitFileType = wrapper.cfbundle; includeInIndex = 0; path = DailyActUpdateUITests.xctest; sourceTree = BUILT_PRODUCTS_DIR; };
		AE9CB89D2423149400753C1D /* ResultViewController.swift */ = {isa = PBXFileReference; lastKnownFileType = sourcecode.swift; path = ResultViewController.swift; sourceTree = "<group>"; };
		AE9E2D6F240D53D400343CAC /* AppDelegate.swift */ = {isa = PBXFileReference; lastKnownFileType = sourcecode.swift; path = AppDelegate.swift; sourceTree = "<group>"; };
		AE9E2D71240D53D400343CAC /* SceneDelegate.swift */ = {isa = PBXFileReference; lastKnownFileType = sourcecode.swift; path = SceneDelegate.swift; sourceTree = "<group>"; };
		AE9E2D73240D53D400343CAC /* ViewController.swift */ = {isa = PBXFileReference; lastKnownFileType = sourcecode.swift; path = ViewController.swift; sourceTree = "<group>"; };
		AE9E2D76240D53D400343CAC /* Base */ = {isa = PBXFileReference; lastKnownFileType = file.storyboard; name = Base; path = Base.lproj/Main.storyboard; sourceTree = "<group>"; };
		AE9E2D78240D53D700343CAC /* Assets.xcassets */ = {isa = PBXFileReference; lastKnownFileType = folder.assetcatalog; path = Assets.xcassets; sourceTree = "<group>"; };
		AE9E2D7B240D53D700343CAC /* Base */ = {isa = PBXFileReference; lastKnownFileType = file.storyboard; name = Base; path = Base.lproj/LaunchScreen.storyboard; sourceTree = "<group>"; };
		AE9E2D7D240D53D700343CAC /* Info.plist */ = {isa = PBXFileReference; lastKnownFileType = text.plist.xml; path = Info.plist; sourceTree = "<group>"; };
		AE9E2D86240D53D700343CAC /* DailyActTests.swift */ = {isa = PBXFileReference; lastKnownFileType = sourcecode.swift; path = DailyActTests.swift; sourceTree = "<group>"; };
		AE9E2D88240D53D700343CAC /* Info.plist */ = {isa = PBXFileReference; lastKnownFileType = text.plist.xml; path = Info.plist; sourceTree = "<group>"; };
		AE9E2D91240D53D700343CAC /* DailyActUITests.swift */ = {isa = PBXFileReference; lastKnownFileType = sourcecode.swift; path = DailyActUITests.swift; sourceTree = "<group>"; };
		AE9E2D93240D53D700343CAC /* Info.plist */ = {isa = PBXFileReference; lastKnownFileType = text.plist.xml; path = Info.plist; sourceTree = "<group>"; };
/* End PBXFileReference section */

/* Begin PBXFrameworksBuildPhase section */
		AE9E2D69240D53D400343CAC /* Frameworks */ = {
			isa = PBXFrameworksBuildPhase;
			buildActionMask = 2147483647;
			files = (
			);
			runOnlyForDeploymentPostprocessing = 0;
		};
		AE9E2D7F240D53D700343CAC /* Frameworks */ = {
			isa = PBXFrameworksBuildPhase;
			buildActionMask = 2147483647;
			files = (
			);
			runOnlyForDeploymentPostprocessing = 0;
		};
		AE9E2D8A240D53D700343CAC /* Frameworks */ = {
			isa = PBXFrameworksBuildPhase;
			buildActionMask = 2147483647;
			files = (
			);
			runOnlyForDeploymentPostprocessing = 0;
		};
/* End PBXFrameworksBuildPhase section */

/* Begin PBXGroup section */
		AE9E2D63240D53D400343CAC = {
			isa = PBXGroup;
			children = (
				AE9E2D6E240D53D400343CAC /* DailyAct */,
				AE9E2D85240D53D700343CAC /* DailyActTests */,
				AE9E2D90240D53D700343CAC /* DailyActUITests */,
				AE647DFC2414136E0084698A /* DailyActUpdate.app */,
				AE9CB89B2422387100753C1D /* DailyActUpdateTests.xctest */,
				AE9CB89C2422387100753C1D /* DailyActUpdateUITests.xctest */,
			);
			sourceTree = "<group>";
		};
		AE9E2D6E240D53D400343CAC /* DailyAct */ = {
			isa = PBXGroup;
			children = (
				AE9E2D6F240D53D400343CAC /* AppDelegate.swift */,
				AE9E2D71240D53D400343CAC /* SceneDelegate.swift */,
				AE9E2D73240D53D400343CAC /* ViewController.swift */,
				AE9CB89D2423149400753C1D /* ResultViewController.swift */,
				AE9E2D75240D53D400343CAC /* Main.storyboard */,
				AE9E2D78240D53D700343CAC /* Assets.xcassets */,
				AE9E2D7A240D53D700343CAC /* LaunchScreen.storyboard */,
				AE9E2D7D240D53D700343CAC /* Info.plist */,
			);
			path = DailyAct;
			sourceTree = "<group>";
		};
		AE9E2D85240D53D700343CAC /* DailyActTests */ = {
			isa = PBXGroup;
			children = (
				AE9E2D86240D53D700343CAC /* DailyActTests.swift */,
				AE9E2D88240D53D700343CAC /* Info.plist */,
			);
			path = DailyActTests;
			sourceTree = "<group>";
		};
		AE9E2D90240D53D700343CAC /* DailyActUITests */ = {
			isa = PBXGroup;
			children = (
				AE9E2D91240D53D700343CAC /* DailyActUITests.swift */,
				AE9E2D93240D53D700343CAC /* Info.plist */,
			);
			path = DailyActUITests;
			sourceTree = "<group>";
		};
/* End PBXGroup section */

/* Begin PBXNativeTarget section */
		AE9E2D6B240D53D400343CAC /* DailyActUpdate */ = {
			isa = PBXNativeTarget;
			buildConfigurationList = AE9E2D96240D53D700343CAC /* Build configuration list for PBXNativeTarget "DailyActUpdate" */;
			buildPhases = (
				AE9E2D68240D53D400343CAC /* Sources */,
				AE9E2D69240D53D400343CAC /* Frameworks */,
				AE9E2D6A240D53D400343CAC /* Resources */,
			);
			buildRules = (
			);
			dependencies = (
			);
			name = DailyActUpdate;
			productName = DailyAct;
			productReference = AE647DFC2414136E0084698A /* DailyActUpdate.app */;
			productType = "com.apple.product-type.application";
		};
		AE9E2D81240D53D700343CAC /* DailyActUpdateTests */ = {
			isa = PBXNativeTarget;
			buildConfigurationList = AE9E2D99240D53D700343CAC /* Build configuration list for PBXNativeTarget "DailyActUpdateTests" */;
			buildPhases = (
				AE9E2D7E240D53D700343CAC /* Sources */,
				AE9E2D7F240D53D700343CAC /* Frameworks */,
				AE9E2D80240D53D700343CAC /* Resources */,
			);
			buildRules = (
			);
			dependencies = (
				AE9E2D84240D53D700343CAC /* PBXTargetDependency */,
			);
			name = DailyActUpdateTests;
			productName = DailyActTests;
			productReference = AE9CB89B2422387100753C1D /* DailyActUpdateTests.xctest */;
			productType = "com.apple.product-type.bundle.unit-test";
		};
		AE9E2D8C240D53D700343CAC /* DailyActUpdateUITests */ = {
			isa = PBXNativeTarget;
			buildConfigurationList = AE9E2D9C240D53D700343CAC /* Build configuration list for PBXNativeTarget "DailyActUpdateUITests" */;
			buildPhases = (
				AE9E2D89240D53D700343CAC /* Sources */,
				AE9E2D8A240D53D700343CAC /* Frameworks */,
				AE9E2D8B240D53D700343CAC /* Resources */,
			);
			buildRules = (
			);
			dependencies = (
				AE9E2D8F240D53D700343CAC /* PBXTargetDependency */,
			);
			name = DailyActUpdateUITests;
			productName = DailyActUITests;
			productReference = AE9CB89C2422387100753C1D /* DailyActUpdateUITests.xctest */;
			productType = "com.apple.product-type.bundle.ui-testing";
		};
/* End PBXNativeTarget section */

/* Begin PBXProject section */
		AE9E2D64240D53D400343CAC /* Project object */ = {
			isa = PBXProject;
			attributes = {
				LastSwiftUpdateCheck = 1130;
				LastUpgradeCheck = 1130;
				ORGANIZATIONNAME = "Faris Ali Yafie";
				TargetAttributes = {
					AE9E2D6B240D53D400343CAC = {
						CreatedOnToolsVersion = 11.3.1;
					};
					AE9E2D81240D53D700343CAC = {
						CreatedOnToolsVersion = 11.3.1;
						TestTargetID = AE9E2D6B240D53D400343CAC;
					};
					AE9E2D8C240D53D700343CAC = {
						CreatedOnToolsVersion = 11.3.1;
						TestTargetID = AE9E2D6B240D53D400343CAC;
					};
				};
			};
			buildConfigurationList = AE9E2D67240D53D400343CAC /* Build configuration list for PBXProject "DailyActUpdate" */;
			compatibilityVersion = "Xcode 9.3";
			developmentRegion = en;
			hasScannedForEncodings = 0;
			knownRegions = (
				en,
				Base,
			);
			mainGroup = AE9E2D63240D53D400343CAC;
			productRefGroup = AE9E2D63240D53D400343CAC;
			projectDirPath = "";
			projectRoot = "";
			targets = (
				AE9E2D6B240D53D400343CAC /* DailyActUpdate */,
				AE9E2D81240D53D700343CAC /* DailyActUpdateTests */,
				AE9E2D8C240D53D700343CAC /* DailyActUpdateUITests */,
			);
		};
/* End PBXProject section */

/* Begin PBXResourcesBuildPhase section */
		AE9E2D6A240D53D400343CAC /* Resources */ = {
			isa = PBXResourcesBuildPhase;
			buildActionMask = 2147483647;
			files = (
				AE9E2D7C240D53D700343CAC /* LaunchScreen.storyboard in Resources */,
				AE9E2D79240D53D700343CAC /* Assets.xcassets in Resources */,
				AE9E2D77240D53D400343CAC /* Main.storyboard in Resources */,
			);
			runOnlyForDeploymentPostprocessing = 0;
		};
		AE9E2D80240D53D700343CAC /* Resources */ = {
			isa = PBXResourcesBuildPhase;
			buildActionMask = 2147483647;
			files = (
			);
			runOnlyForDeploymentPostprocessing = 0;
		};
		AE9E2D8B240D53D700343CAC /* Resources */ = {
			isa = PBXResourcesBuildPhase;
			buildActionMask = 2147483647;
			files = (
			);
			runOnlyForDeploymentPostprocessing = 0;
		};
/* End PBXResourcesBuildPhase section */

/* Begin PBXSourcesBuildPhase section */
		AE9E2D68240D53D400343CAC /* Sources */ = {
			isa = PBXSourcesBuildPhase;
			buildActionMask = 2147483647;
			files = (
				AE9E2D74240D53D400343CAC /* ViewController.swift in Sources */,
				AE9E2D70240D53D400343CAC /* AppDelegate.swift in Sources */,
				AE9E2D72240D53D400343CAC /* SceneDelegate.swift in Sources */,
				AE9CB89E2423149400753C1D /* ResultViewController.swift in Sources */,
			);
			runOnlyForDeploymentPostprocessing = 0;
		};
		AE9E2D7E240D53D700343CAC /* Sources */ = {
			isa = PBXSourcesBuildPhase;
			buildActionMask = 2147483647;
			files = (
				AE9E2D87240D53D700343CAC /* DailyActTests.swift in Sources */,
			);
			runOnlyForDeploymentPostprocessing = 0;
		};
		AE9E2D89240D53D700343CAC /* Sources */ = {
			isa = PBXSourcesBuildPhase;
			buildActionMask = 2147483647;
			files = (
				AE9E2D92240D53D700343CAC /* DailyActUITests.swift in Sources */,
			);
			runOnlyForDeploymentPostprocessing = 0;
		};
/* End PBXSourcesBuildPhase section */

/* Begin PBXTargetDependency section */
		AE9E2D84240D53D700343CAC /* PBXTargetDependency */ = {
			isa = PBXTargetDependency;
			target = AE9E2D6B240D53D400343CAC /* DailyActUpdate */;
			targetProxy = AE9E2D83240D53D700343CAC /* PBXContainerItemProxy */;
		};
		AE9E2D8F240D53D700343CAC /* PBXTargetDependency */ = {
			isa = PBXTargetDependency;
			target = AE9E2D6B240D53D400343CAC /* DailyActUpdate */;
			targetProxy = AE9E2D8E240D53D700343CAC /* PBXContainerItemProxy */;
		};
/* End PBXTargetDependency section */

/* Begin PBXVariantGroup section */
		AE9E2D75240D53D400343CAC /* Main.storyboard */ = {
			isa = PBXVariantGroup;
			children = (
				AE9E2D76240D53D400343CAC /* Base */,
			);
			name = Main.storyboard;
			sourceTree = "<group>";
		};
		AE9E2D7A240D53D700343CAC /* LaunchScreen.storyboard */ = {
			isa = PBXVariantGroup;
			children = (
				AE9E2D7B240D53D700343CAC /* Base */,
			);
			name = LaunchScreen.storyboard;
			sourceTree = "<group>";
		};
/* End PBXVariantGroup section */

/* Begin XCBuildConfiguration section */
		AE9E2D94240D53D700343CAC /* Debug */ = {
			isa = XCBuildConfiguration;
			buildSettings = {
				ALWAYS_SEARCH_USER_PATHS = NO;
				CLANG_ANALYZER_NONNULL = YES;
				CLANG_ANALYZER_NUMBER_OBJECT_CONVERSION = YES_AGGRESSIVE;
				CLANG_CXX_LANGUAGE_STANDARD = "gnu++14";
				CLANG_CXX_LIBRARY = "libc++";
				CLANG_ENABLE_MODULES = YES;
				CLANG_ENABLE_OBJC_ARC = YES;
				CLANG_ENABLE_OBJC_WEAK = YES;
				CLANG_WARN_BLOCK_CAPTURE_AUTORELEASING = YES;
				CLANG_WARN_BOOL_CONVERSION = YES;
				CLANG_WARN_COMMA = YES;
				CLANG_WARN_CONSTANT_CONVERSION = YES;
				CLANG_WARN_DEPRECATED_OBJC_IMPLEMENTATIONS = YES;
				CLANG_WARN_DIRECT_OBJC_ISA_USAGE = YES_ERROR;
				CLANG_WARN_DOCUMENTATION_COMMENTS = YES;
				CLANG_WARN_EMPTY_BODY = YES;
				CLANG_WARN_ENUM_CONVERSION = YES;
				CLANG_WARN_INFINITE_RECURSION = YES;
				CLANG_WARN_INT_CONVERSION = YES;
				CLANG_WARN_NON_LITERAL_NULL_CONVERSION = YES;
				CLANG_WARN_OBJC_IMPLICIT_RETAIN_SELF = YES;
				CLANG_WARN_OBJC_LITERAL_CONVERSION = YES;
				CLANG_WARN_OBJC_ROOT_CLASS = YES_ERROR;
				CLANG_WARN_RANGE_LOOP_ANALYSIS = YES;
				CLANG_WARN_STRICT_PROTOTYPES = YES;
				CLANG_WARN_SUSPICIOUS_MOVE = YES;
				CLANG_WARN_UNGUARDED_AVAILABILITY = YES_AGGRESSIVE;
				CLANG_WARN_UNREACHABLE_CODE = YES;
				CLANG_WARN__DUPLICATE_METHOD_MATCH = YES;
				COPY_PHASE_STRIP = NO;
				DEBUG_INFORMATION_FORMAT = dwarf;
				ENABLE_STRICT_OBJC_MSGSEND = YES;
				ENABLE_TESTABILITY = YES;
				GCC_C_LANGUAGE_STANDARD = gnu11;
				GCC_DYNAMIC_NO_PIC = NO;
				GCC_NO_COMMON_BLOCKS = YES;
				GCC_OPTIMIZATION_LEVEL = 0;
				GCC_PREPROCESSOR_DEFINITIONS = (
					"DEBUG=1",
					"$(inherited)",
				);
				GCC_WARN_64_TO_32_BIT_CONVERSION = YES;
				GCC_WARN_ABOUT_RETURN_TYPE = YES_ERROR;
				GCC_WARN_UNDECLARED_SELECTOR = YES;
				GCC_WARN_UNINITIALIZED_AUTOS = YES_AGGRESSIVE;
				GCC_WARN_UNUSED_FUNCTION = YES;
				GCC_WARN_UNUSED_VARIABLE = YES;
				IPHONEOS_DEPLOYMENT_TARGET = 13.2;
				MTL_ENABLE_DEBUG_INFO = INCLUDE_SOURCE;
				MTL_FAST_MATH = YES;
				ONLY_ACTIVE_ARCH = YES;
				SDKROOT = iphoneos;
				SWIFT_ACTIVE_COMPILATION_CONDITIONS = DEBUG;
				SWIFT_OPTIMIZATION_LEVEL = "-Onone";
			};
			name = Debug;
		};
		AE9E2D95240D53D700343CAC /* Release */ = {
			isa = XCBuildConfiguration;
			buildSettings = {
				ALWAYS_SEARCH_USER_PATHS = NO;
				CLANG_ANALYZER_NONNULL = YES;
				CLANG_ANALYZER_NUMBER_OBJECT_CONVERSION = YES_AGGRESSIVE;
				CLANG_CXX_LANGUAGE_STANDARD = "gnu++14";
				CLANG_CXX_LIBRARY = "libc++";
				CLANG_ENABLE_MODULES = YES;
				CLANG_ENABLE_OBJC_ARC = YES;
				CLANG_ENABLE_OBJC_WEAK = YES;
				CLANG_WARN_BLOCK_CAPTURE_AUTORELEASING = YES;
				CLANG_WARN_BOOL_CONVERSION = YES;
				CLANG_WARN_COMMA = YES;
				CLANG_WARN_CONSTANT_CONVERSION = YES;
				CLANG_WARN_DEPRECATED_OBJC_IMPLEMENTATIONS = YES;
				CLANG_WARN_DIRECT_OBJC_ISA_USAGE = YES_ERROR;
				CLANG_WARN_DOCUMENTATION_COMMENTS = YES;
				CLANG_WARN_EMPTY_BODY = YES;
				CLANG_WARN_ENUM_CONVERSION = YES;
				CLANG_WARN_INFINITE_RECURSION = YES;
				CLANG_WARN_INT_CONVERSION = YES;
				CLANG_WARN_NON_LITERAL_NULL_CONVERSION = YES;
				CLANG_WARN_OBJC_IMPLICIT_RETAIN_SELF = YES;
				CLANG_WARN_OBJC_LITERAL_CONVERSION = YES;
				CLANG_WARN_OBJC_ROOT_CLASS = YES_ERROR;
				CLANG_WARN_RANGE_LOOP_ANALYSIS = YES;
				CLANG_WARN_STRICT_PROTOTYPES = YES;
				CLANG_WARN_SUSPICIOUS_MOVE = YES;
				CLANG_WARN_UNGUARDED_AVAILABILITY = YES_AGGRESSIVE;
				CLANG_WARN_UNREACHABLE_CODE = YES;
				CLANG_WARN__DUPLICATE_METHOD_MATCH = YES;
				COPY_PHASE_STRIP = NO;
				DEBUG_INFORMATION_FORMAT = "dwarf-with-dsym";
				ENABLE_NS_ASSERTIONS = NO;
				ENABLE_STRICT_OBJC_MSGSEND = YES;
				GCC_C_LANGUAGE_STANDARD = gnu11;
				GCC_NO_COMMON_BLOCKS = YES;
				GCC_WARN_64_TO_32_BIT_CONVERSION = YES;
				GCC_WARN_ABOUT_RETURN_TYPE = YES_ERROR;
				GCC_WARN_UNDECLARED_SELECTOR = YES;
				GCC_WARN_UNINITIALIZED_AUTOS = YES_AGGRESSIVE;
				GCC_WARN_UNUSED_FUNCTION = YES;
				GCC_WARN_UNUSED_VARIABLE = YES;
				IPHONEOS_DEPLOYMENT_TARGET = 13.2;
				MTL_ENABLE_DEBUG_INFO = NO;
				MTL_FAST_MATH = YES;
				SDKROOT = iphoneos;
				SWIFT_COMPILATION_MODE = wholemodule;
				SWIFT_OPTIMIZATION_LEVEL = "-O";
				VALIDATE_PRODUCT = YES;
			};
			name = Release;
		};
		AE9E2D97240D53D700343CAC /* Debug */ = {
			isa = XCBuildConfiguration;
			buildSettings = {
				ASSETCATALOG_COMPILER_APPICON_NAME = AppIcon;
				CODE_SIGN_STYLE = Automatic;
				DEVELOPMENT_TEAM = LU7959C5GC;
				INFOPLIST_FILE = DailyAct/Info.plist;
				LD_RUNPATH_SEARCH_PATHS = (
					"$(inherited)",
					"@executable_path/Frameworks",
				);
				PRODUCT_BUNDLE_IDENTIFIER = AppleAcademy.DailyAct;
				PRODUCT_NAME = "$(TARGET_NAME)";
				SWIFT_VERSION = 5.0;
				TARGETED_DEVICE_FAMILY = 1;
			};
			name = Debug;
		};
		AE9E2D98240D53D700343CAC /* Release */ = {
			isa = XCBuildConfiguration;
			buildSettings = {
				ASSETCATALOG_COMPILER_APPICON_NAME = AppIcon;
				CODE_SIGN_STYLE = Automatic;
				DEVELOPMENT_TEAM = LU7959C5GC;
				INFOPLIST_FILE = DailyAct/Info.plist;
				LD_RUNPATH_SEARCH_PATHS = (
					"$(inherited)",
					"@executable_path/Frameworks",
				);
				PRODUCT_BUNDLE_IDENTIFIER = AppleAcademy.DailyAct;
				PRODUCT_NAME = "$(TARGET_NAME)";
				SWIFT_VERSION = 5.0;
				TARGETED_DEVICE_FAMILY = 1;
			};
			name = Release;
		};
		AE9E2D9A240D53D700343CAC /* Debug */ = {
			isa = XCBuildConfiguration;
			buildSettings = {
				ALWAYS_EMBED_SWIFT_STANDARD_LIBRARIES = YES;
				BUNDLE_LOADER = "$(TEST_HOST)";
				CODE_SIGN_STYLE = Automatic;
				INFOPLIST_FILE = DailyActTests/Info.plist;
				IPHONEOS_DEPLOYMENT_TARGET = 13.2;
				LD_RUNPATH_SEARCH_PATHS = (
					"$(inherited)",
					"@executable_path/Frameworks",
					"@loader_path/Frameworks",
				);
				PRODUCT_BUNDLE_IDENTIFIER = AppleAcademy.DailyActTests;
				PRODUCT_NAME = "$(TARGET_NAME)";
				SWIFT_VERSION = 5.0;
				TARGETED_DEVICE_FAMILY = "1,2";
				TEST_HOST = "$(BUILT_PRODUCTS_DIR)/DailyActUpdate.app/DailyActUpdate";
			};
			name = Debug;
		};
		AE9E2D9B240D53D700343CAC /* Release */ = {
			isa = XCBuildConfiguration;
			buildSettings = {
				ALWAYS_EMBED_SWIFT_STANDARD_LIBRARIES = YES;
				BUNDLE_LOADER = "$(TEST_HOST)";
				CODE_SIGN_STYLE = Automatic;
				INFOPLIST_FILE = DailyActTests/Info.plist;
				IPHONEOS_DEPLOYMENT_TARGET = 13.2;
				LD_RUNPATH_SEARCH_PATHS = (
					"$(inherited)",
					"@executable_path/Frameworks",
					"@loader_path/Frameworks",
				);
				PRODUCT_BUNDLE_IDENTIFIER = AppleAcademy.DailyActTests;
				PRODUCT_NAME = "$(TARGET_NAME)";
				SWIFT_VERSION = 5.0;
				TARGETED_DEVICE_FAMILY = "1,2";
				TEST_HOST = "$(BUILT_PRODUCTS_DIR)/DailyActUpdate.app/DailyActUpdate";
			};
			name = Release;
		};
		AE9E2D9D240D53D700343CAC /* Debug */ = {
			isa = XCBuildConfiguration;
			buildSettings = {
				ALWAYS_EMBED_SWIFT_STANDARD_LIBRARIES = YES;
				CODE_SIGN_STYLE = Automatic;
				INFOPLIST_FILE = DailyActUITests/Info.plist;
				LD_RUNPATH_SEARCH_PATHS = (
					"$(inherited)",
					"@executable_path/Frameworks",
					"@loader_path/Frameworks",
				);
				PRODUCT_BUNDLE_IDENTIFIER = AppleAcademy.DailyActUITests;
				PRODUCT_NAME = "$(TARGET_NAME)";
				SWIFT_VERSION = 5.0;
				TARGETED_DEVICE_FAMILY = "1,2";
				TEST_TARGET_NAME = DailyAct;
			};
			name = Debug;
		};
		AE9E2D9E240D53D700343CAC /* Release */ = {
			isa = XCBuildConfiguration;
			buildSettings = {
				ALWAYS_EMBED_SWIFT_STANDARD_LIBRARIES = YES;
				CODE_SIGN_STYLE = Automatic;
				INFOPLIST_FILE = DailyActUITests/Info.plist;
				LD_RUNPATH_SEARCH_PATHS = (
					"$(inherited)",
					"@executable_path/Frameworks",
					"@loader_path/Frameworks",
				);
				PRODUCT_BUNDLE_IDENTIFIER = AppleAcademy.DailyActUITests;
				PRODUCT_NAME = "$(TARGET_NAME)";
				SWIFT_VERSION = 5.0;
				TARGETED_DEVICE_FAMILY = "1,2";
				TEST_TARGET_NAME = DailyAct;
			};
			name = Release;
		};
/* End XCBuildConfiguration section */

/* Begin XCConfigurationList section */
		AE9E2D67240D53D400343CAC /* Build configuration list for PBXProject "DailyActUpdate" */ = {
			isa = XCConfigurationList;
			buildConfigurations = (
				AE9E2D94240D53D700343CAC /* Debug */,
				AE9E2D95240D53D700343CAC /* Release */,
			);
			defaultConfigurationIsVisible = 0;
			defaultConfigurationName = Release;
		};
		AE9E2D96240D53D700343CAC /* Build configuration list for PBXNativeTarget "DailyActUpdate" */ = {
			isa = XCConfigurationList;
			buildConfigurations = (
				AE9E2D97240D53D700343CAC /* Debug */,
				AE9E2D98240D53D700343CAC /* Release */,
			);
			defaultConfigurationIsVisible = 0;
			defaultConfigurationName = Release;
		};
		AE9E2D99240D53D700343CAC /* Build configuration list for PBXNativeTarget "DailyActUpdateTests" */ = {
			isa = XCConfigurationList;
			buildConfigurations = (
				AE9E2D9A240D53D700343CAC /* Debug */,
				AE9E2D9B240D53D700343CAC /* Release */,
			);
			defaultConfigurationIsVisible = 0;
			defaultConfigurationName = Release;
		};
		AE9E2D9C240D53D700343CAC /* Build configuration list for PBXNativeTarget "DailyActUpdateUITests" */ = {
			isa = XCConfigurationList;
			buildConfigurations = (
				AE9E2D9D240D53D700343CAC /* Debug */,
				AE9E2D9E240D53D700343CAC /* Release */,
			);
			defaultConfigurationIsVisible = 0;
			defaultConfigurationName = Release;
		};
/* End XCConfigurationList section */
	};
	rootObject = AE9E2D64240D53D400343CAC /* Project object */;
}
